
Microsoft Visual Studio Solution File, Format Version 12.00
# Visual Studio 15
VisualStudioVersion = 15.0.27130.2024
MinimumVisualStudioVersion = 10.0.40219.1
Project("{FAE04EC0-301F-11D3-BF4B-00C04F79EFBC}") = "ChewieBot", "ChewieBot\ChewieBot.csproj", "{C6368EAB-3493-44C7-A816-93647792983C}"
EndProject
Project("{FAE04EC0-301F-11D3-BF4B-00C04F79EFBC}") = "ChewieBot.ScriptingAPI", "ChewieBot.Scripting\ChewieBot.ScriptingAPI.csproj", "{F7E32CFA-D42B-484B-B4CC-605C58B85D53}"
EndProject
Project("{FAE04EC0-301F-11D3-BF4B-00C04F79EFBC}") = "ChewieBot.ScriptingEngine", "ChewieBot.ScriptingEngine\ChewieBot.ScriptingEngine.csproj", "{4159D4E1-16FB-4C37-A70E-41B4DB3FD5E9}"
EndProject
Global
	GlobalSection(SolutionConfigurationPlatforms) = preSolution
		Debug|x64 = Debug|x64
		Debug|x86 = Debug|x86
		Release|x64 = Release|x64
		Release|x86 = Release|x86
	EndGlobalSection
	GlobalSection(ProjectConfigurationPlatforms) = postSolution
		{C6368EAB-3493-44C7-A816-93647792983C}.Debug|Any CPU.ActiveCfg = Debug|Any CPU
		{C6368EAB-3493-44C7-A816-93647792983C}.Debug|Any CPU.Build.0 = Debug|Any CPU
		{C6368EAB-3493-44C7-A816-93647792983C}.Debug|x64.ActiveCfg = Debug|x64
		{C6368EAB-3493-44C7-A816-93647792983C}.Debug|x64.Build.0 = Debug|x64
		{C6368EAB-3493-44C7-A816-93647792983C}.Debug|x86.ActiveCfg = Debug|x86
		{C6368EAB-3493-44C7-A816-93647792983C}.Debug|x86.Build.0 = Debug|x86
		{C6368EAB-3493-44C7-A816-93647792983C}.Release|Any CPU.ActiveCfg = Debug|Any CPU
		{C6368EAB-3493-44C7-A816-93647792983C}.Release|Any CPU.Build.0 = Debug|Any CPU
		{C6368EAB-3493-44C7-A816-93647792983C}.Release|x64.ActiveCfg = Debug|x64
		{C6368EAB-3493-44C7-A816-93647792983C}.Release|x64.Build.0 = Debug|x64
		{C6368EAB-3493-44C7-A816-93647792983C}.Release|x86.ActiveCfg = Debug|x86
		{C6368EAB-3493-44C7-A816-93647792983C}.Release|x86.Build.0 = Debug|x86
		{F7E32CFA-D42B-484B-B4CC-605C58B85D53}.Debug|Any CPU.ActiveCfg = Debug|Any CPU
		{F7E32CFA-D42B-484B-B4CC-605C58B85D53}.Debug|Any CPU.Build.0 = Debug|Any CPU
		{F7E32CFA-D42B-484B-B4CC-605C58B85D53}.Debug|x64.ActiveCfg = Debug|x64
		{F7E32CFA-D42B-484B-B4CC-605C58B85D53}.Debug|x64.Build.0 = Debug|x64
		{F7E32CFA-D42B-484B-B4CC-605C58B85D53}.Debug|x86.ActiveCfg = Debug|x86
		{F7E32CFA-D42B-484B-B4CC-605C58B85D53}.Debug|x86.Build.0 = Debug|x86
		{F7E32CFA-D42B-484B-B4CC-605C58B85D53}.Release|Any CPU.ActiveCfg = Release|Any CPU
		{F7E32CFA-D42B-484B-B4CC-605C58B85D53}.Release|Any CPU.Build.0 = Release|Any CPU
		{F7E32CFA-D42B-484B-B4CC-605C58B85D53}.Release|x64.ActiveCfg = Release|x64
		{F7E32CFA-D42B-484B-B4CC-605C58B85D53}.Release|x64.Build.0 = Release|x64
		{F7E32CFA-D42B-484B-B4CC-605C58B85D53}.Release|x86.ActiveCfg = Release|x86
		{F7E32CFA-D42B-484B-B4CC-605C58B85D53}.Release|x86.Build.0 = Release|x86
		{4159D4E1-16FB-4C37-A70E-41B4DB3FD5E9}.Debug|Any CPU.ActiveCfg = Debug|Any CPU
		{4159D4E1-16FB-4C37-A70E-41B4DB3FD5E9}.Debug|Any CPU.Build.0 = Debug|Any CPU
		{4159D4E1-16FB-4C37-A70E-41B4DB3FD5E9}.Debug|x64.ActiveCfg = Debug|x64
		{4159D4E1-16FB-4C37-A70E-41B4DB3FD5E9}.Debug|x64.Build.0 = Debug|x64
		{4159D4E1-16FB-4C37-A70E-41B4DB3FD5E9}.Debug|x86.ActiveCfg = Debug|x86
		{4159D4E1-16FB-4C37-A70E-41B4DB3FD5E9}.Debug|x86.Build.0 = Debug|x86
		{4159D4E1-16FB-4C37-A70E-41B4DB3FD5E9}.Release|Any CPU.ActiveCfg = Release|Any CPU
		{4159D4E1-16FB-4C37-A70E-41B4DB3FD5E9}.Release|Any CPU.Build.0 = Release|Any CPU
		{4159D4E1-16FB-4C37-A70E-41B4DB3FD5E9}.Release|x64.ActiveCfg = Release|x64
		{4159D4E1-16FB-4C37-A70E-41B4DB3FD5E9}.Release|x64.Build.0 = Release|x64
		{4159D4E1-16FB-4C37-A70E-41B4DB3FD5E9}.Release|x86.ActiveCfg = Release|Any CPU
		{4159D4E1-16FB-4C37-A70E-41B4DB3FD5E9}.Release|x86.Build.0 = Release|Any CPU
	EndGlobalSection
	GlobalSection(SolutionProperties) = preSolution
		HideSolutionNode = FALSE
	EndGlobalSection
	GlobalSection(ExtensibilityGlobals) = postSolution
		SolutionGuid = {5FA65A7A-C6DB-4CB3-81E9-9EA5E691C1AB}
	EndGlobalSection
EndGlobal
